# generated by rye
# use `rye lock` or `rye sync` to update this lockfile
#
# last locked with the following flags:
#   pre: false
#   features: []
#   all-features: false
#   with-sources: false

-e file:.
numpy==1.26.4
    # via maxgcp
    # via pandas
    # via scipy
pandas==2.2.2
    # via maxgcp
python-dateutil==2.9.0.post0
    # via pandas
pytz==2024.1
    # via pandas
scipy==1.13.0
    # via maxgcp
six==1.16.0
    # via python-dateutil
tzdata==2024.1
    # via pandas
